
Microsoft Visual Studio Solution File, Format Version 11.00
# Visual Studio 2010
Project("{8BC9CEB8-8B4A-11D0-8D11-00A0C91BC942}") = "multiCamera", "multiCamera\multiCamera.vcxproj", "{09EA7188-C056-4980-9B67-F51A6C3F286D}"
EndProject
Project("{8BC9CEB8-8B4A-11D0-8D11-00A0C91BC942}") = "CameraEnum", "CameraEnum\CameraEnum.vcxproj", "{69BEEB1E-64E4-42D5-A9E0-03FEECC462F2}"
EndProject
Global
	GlobalSection(SolutionConfigurationPlatforms) = preSolution
		Debug|Win32 = Debug|Win32
		Release|Win32 = Release|Win32
	EndGlobalSection
	GlobalSection(ProjectConfigurationPlatforms) = postSolution
		{09EA7188-C056-4980-9B67-F51A6C3F286D}.Debug|Win32.ActiveCfg = Debug|Win32
		{09EA7188-C056-4980-9B67-F51A6C3F286D}.Debug|Win32.Build.0 = Debug|Win32
		{09EA7188-C056-4980-9B67-F51A6C3F286D}.Release|Win32.ActiveCfg = Release|Win32
		{09EA7188-C056-4980-9B67-F51A6C3F286D}.Release|Win32.Build.0 = Release|Win32
		{69BEEB1E-64E4-42D5-A9E0-03FEECC462F2}.Debug|Win32.ActiveCfg = Debug|Win32
		{69BEEB1E-64E4-42D5-A9E0-03FEECC462F2}.Debug|Win32.Build.0 = Debug|Win32
		{69BEEB1E-64E4-42D5-A9E0-03FEECC462F2}.Release|Win32.ActiveCfg = Release|Win32
		{69BEEB1E-64E4-42D5-A9E0-03FEECC462F2}.Release|Win32.Build.0 = Release|Win32
	EndGlobalSection
	GlobalSection(SolutionProperties) = preSolution
		HideSolutionNode = FALSE
	EndGlobalSection
EndGlobal
